// !$*UTF8*$!
{
	archiveVersion = 1;
	classes = {
	};
	objectVersion = 77;
	objects = {

/* Begin PBXBuildFile section */
		5963CFA02F66A23B007F7520 /* SettlementSummary.swift in Sources */ = {isa = PBXBuildFile; fileRef = 5963CF9F2F66A23B007F7520 /* SettlementSummary.swift */; };
		5963D04A2F66A529007F7520 /* SettlementEngine.swift in Sources */ = {isa = PBXBuildFile; fileRef = 5963D0492F66A529007F7520 /* SettlementEngine.swift */; };
		5963D04C2F66ADD5007F7520 /* SettlementExecutor.swift in Sources */ = {isa = PBXBuildFile; fileRef = 5963D04B2F66ADD5007F7520 /* SettlementExecutor.swift */; };
		7A0D00012F60000100AA0001 /* Member.swift in Sources */ = {isa = PBXBuildFile; fileRef = 599F06942F58144D00CC930E /* Member.swift */; };
		7A0D00022F60000100AA0001 /* Pocket.swift in Sources */ = {isa = PBXBuildFile; fileRef = 599F06952F58144D00CC930E /* Pocket.swift */; };
		7A0D00032F60000100AA0001 /* Category.swift in Sources */ = {isa = PBXBuildFile; fileRef = 599F06962F58144D00CC930E /* Category.swift */; };
		7A0D00042F60000100AA0001 /* Expense.swift in Sources */ = {isa = PBXBuildFile; fileRef = 599F06972F58144D00CC930E /* Expense.swift */; };
		7A0D00052F60000100AA0001 /* Settlement.swift in Sources */ = {isa = PBXBuildFile; fileRef = 599F06992F581AC300CC930E /* Settlement.swift */; };
		7A0D00062F60000100AA0001 /* SettlementCalculator.swift in Sources */ = {isa = PBXBuildFile; fileRef = 599F069A2F581AC300CC930E /* SettlementCalculator.swift */; };
/* End PBXBuildFile section */

/* Begin PBXFileReference section */
		5963CF9F2F66A23B007F7520 /* SettlementSummary.swift */ = {isa = PBXFileReference; lastKnownFileType = sourcecode.swift; path = SettlementSummary.swift; sourceTree = "<group>"; };
		5963D0492F66A529007F7520 /* SettlementEngine.swift */ = {isa = PBXFileReference; lastKnownFileType = sourcecode.swift; path = SettlementEngine.swift; sourceTree = "<group>"; };
		5963D04B2F66ADD5007F7520 /* SettlementExecutor.swift */ = {isa = PBXFileReference; lastKnownFileType = sourcecode.swift; path = SettlementExecutor.swift; sourceTree = "<group>"; };
		596D660B2F55887F00A15A0F /* PairPocket.app */ = {isa = PBXFileReference; explicitFileType = wrapper.application; includeInIndex = 0; path = PairPocket.app; sourceTree = BUILT_PRODUCTS_DIR; };
		599F06942F58144D00CC930E /* Member.swift */ = {isa = PBXFileReference; lastKnownFileType = sourcecode.swift; path = Member.swift; sourceTree = "<group>"; };
		599F06952F58144D00CC930E /* Pocket.swift */ = {isa = PBXFileReference; lastKnownFileType = sourcecode.swift; path = Pocket.swift; sourceTree = "<group>"; };
		599F06962F58144D00CC930E /* Category.swift */ = {isa = PBXFileReference; lastKnownFileType = sourcecode.swift; path = Category.swift; sourceTree = "<group>"; };
		599F06972F58144D00CC930E /* Expense.swift */ = {isa = PBXFileReference; lastKnownFileType = sourcecode.swift; path = Expense.swift; sourceTree = "<group>"; };
		599F06992F581AC300CC930E /* Settlement.swift */ = {isa = PBXFileReference; lastKnownFileType = sourcecode.swift; path = Settlement.swift; sourceTree = "<group>"; };
		599F069A2F581AC300CC930E /* SettlementCalculator.swift */ = {isa = PBXFileReference; lastKnownFileType = sourcecode.swift; path = SettlementCalculator.swift; sourceTree = "<group>"; };
/* End PBXFileReference section */

/* Begin PBXFileSystemSynchronizedRootGroup section */
		596D660D2F55887F00A15A0F /* PairPocket */ = {
			isa = PBXFileSystemSynchronizedRootGroup;
			path = PairPocket;
			sourceTree = "<group>";
		};
/* End PBXFileSystemSynchronizedRootGroup section */

/* Begin PBXFrameworksBuildPhase section */
		596D66082F55887F00A15A0F /* Frameworks */ = {
			isa = PBXFrameworksBuildPhase;
			buildActionMask = 2147483647;
			files = (
			);
			runOnlyForDeploymentPostprocessing = 0;
		};
/* End PBXFrameworksBuildPhase section */

/* Begin PBXGroup section */
		596D66022F55887F00A15A0F = {
			isa = PBXGroup;
			children = (
				596D660D2F55887F00A15A0F /* PairPocket */,
				596D660C2F55887F00A15A0F /* Products */,
				599F06922F58142D00CC930E /* Domain */,
			);
			sourceTree = "<group>";
		};
		596D660C2F55887F00A15A0F /* Products */ = {
			isa = PBXGroup;
			children = (
				596D660B2F55887F00A15A0F /* PairPocket.app */,
			);
			name = Products;
			sourceTree = "<group>";
		};
		599F06922F58142D00CC930E /* Domain */ = {
			isa = PBXGroup;
			children = (
				599F06932F58143600CC930E /* Models */,
				599F06982F581AAD00CC930E /* Services */,
			);
			path = Domain;
			sourceTree = "<group>";
		};
		599F06932F58143600CC930E /* Models */ = {
			isa = PBXGroup;
			children = (
				599F06942F58144D00CC930E /* Member.swift */,
				599F06952F58144D00CC930E /* Pocket.swift */,
				599F06962F58144D00CC930E /* Category.swift */,
				599F06972F58144D00CC930E /* Expense.swift */,
				599F06992F581AC300CC930E /* Settlement.swift */,
				5963CF9F2F66A23B007F7520 /* SettlementSummary.swift */,
			);
			path = Models;
			sourceTree = "<group>";
		};
		599F06982F581AAD00CC930E /* Services */ = {
			isa = PBXGroup;
			children = (
				599F069A2F581AC300CC930E /* SettlementCalculator.swift */,
				5963D0492F66A529007F7520 /* SettlementEngine.swift */,
				5963D04B2F66ADD5007F7520 /* SettlementExecutor.swift */,
			);
			path = Services;
			sourceTree = "<group>";
		};
/* End PBXGroup section */

/* Begin PBXNativeTarget section */
		596D660A2F55887F00A15A0F /* PairPocket */ = {
			isa = PBXNativeTarget;
			buildConfigurationList = 596D66162F55888000A15A0F /* Build configuration list for PBXNativeTarget "PairPocket" */;
			buildPhases = (
				596D66072F55887F00A15A0F /* Sources */,
				596D66082F55887F00A15A0F /* Frameworks */,
				596D66092F55887F00A15A0F /* Resources */,
			);
			buildRules = (
			);
			dependencies = (
			);
			fileSystemSynchronizedGroups = (
				596D660D2F55887F00A15A0F /* PairPocket */,
			);
			name = PairPocket;
			packageProductDependencies = (
			);
			productName = PairPocket;
			productReference = 596D660B2F55887F00A15A0F /* PairPocket.app */;
			productType = "com.apple.product-type.application";
		};
/* End PBXNativeTarget section */

/* Begin PBXProject section */
		596D66032F55887F00A15A0F /* Project object */ = {
			isa = PBXProject;
			attributes = {
				BuildIndependentTargetsInParallel = 1;
				LastSwiftUpdateCheck = 2630;
				LastUpgradeCheck = 2630;
				TargetAttributes = {
					596D660A2F55887F00A15A0F = {
						CreatedOnToolsVersion = 26.3;
					};
				};
			};
			buildConfigurationList = 596D66062F55887F00A15A0F /* Build configuration list for PBXProject "PairPocket" */;
			developmentRegion = en;
			hasScannedForEncodings = 0;
			knownRegions = (
				en,
				Base,
			);
			mainGroup = 596D66022F55887F00A15A0F;
			minimizedProjectReferenceProxies = 1;
			preferredProjectObjectVersion = 77;
			productRefGroup = 596D660C2F55887F00A15A0F /* Products */;
			projectDirPath = "";
			projectRoot = "";
			targets = (
				596D660A2F55887F00A15A0F /* PairPocket */,
			);
		};
/* End PBXProject section */

/* Begin PBXResourcesBuildPhase section */
		596D66092F55887F00A15A0F /* Resources */ = {
			isa = PBXResourcesBuildPhase;
			buildActionMask = 2147483647;
			files = (
			);
			runOnlyForDeploymentPostprocessing = 0;
		};
/* End PBXResourcesBuildPhase section */

/* Begin PBXSourcesBuildPhase section */
		596D66072F55887F00A15A0F /* Sources */ = {
			isa = PBXSourcesBuildPhase;
			buildActionMask = 2147483647;
			files = (
				7A0D00032F60000100AA0001 /* Category.swift in Sources */,
				7A0D00042F60000100AA0001 /* Expense.swift in Sources */,
				7A0D00012F60000100AA0001 /* Member.swift in Sources */,
				7A0D00022F60000100AA0001 /* Pocket.swift in Sources */,
				5963D04A2F66A529007F7520 /* SettlementEngine.swift in Sources */,
				7A0D00052F60000100AA0001 /* Settlement.swift in Sources */,
				5963D04C2F66ADD5007F7520 /* SettlementExecutor.swift in Sources */,
				7A0D00062F60000100AA0001 /* SettlementCalculator.swift in Sources */,
				5963CFA02F66A23B007F7520 /* SettlementSummary.swift in Sources */,
			);
			runOnlyForDeploymentPostprocessing = 0;
		};
/* End PBXSourcesBuildPhase section */

/* Begin XCBuildConfiguration section */
		596D66142F55888000A15A0F /* Debug */ = {
			isa = XCBuildConfiguration;
			buildSettings = {
				ALWAYS_SEARCH_USER_PATHS = NO;
				ASSETCATALOG_COMPILER_GENERATE_SWIFT_ASSET_SYMBOL_EXTENSIONS = YES;
				CLANG_ANALYZER_NONNULL = YES;
				CLANG_ANALYZER_NUMBER_OBJECT_CONVERSION = YES_AGGRESSIVE;
				CLANG_CXX_LANGUAGE_STANDARD = "gnu++20";
				CLANG_ENABLE_MODULES = YES;
				CLANG_ENABLE_OBJC_ARC = YES;
				CLANG_ENABLE_OBJC_WEAK = YES;
				CLANG_WARN_BLOCK_CAPTURE_AUTORELEASING = YES;
				CLANG_WARN_BOOL_CONVERSION = YES;
				CLANG_WARN_COMMA = YES;
				CLANG_WARN_CONSTANT_CONVERSION = YES;
				CLANG_WARN_DEPRECATED_OBJC_IMPLEMENTATIONS = YES;
				CLANG_WARN_DIRECT_OBJC_ISA_USAGE = YES_ERROR;
				CLANG_WARN_DOCUMENTATION_COMMENTS = YES;
				CLANG_WARN_EMPTY_BODY = YES;
				CLANG_WARN_ENUM_CONVERSION = YES;
				CLANG_WARN_INFINITE_RECURSION = YES;
				CLANG_WARN_INT_CONVERSION = YES;
				CLANG_WARN_NON_LITERAL_NULL_CONVERSION = YES;
				CLANG_WARN_OBJC_IMPLICIT_RETAIN_SELF = YES;
				CLANG_WARN_OBJC_LITERAL_CONVERSION = YES;
				CLANG_WARN_OBJC_ROOT_CLASS = YES_ERROR;
				CLANG_WARN_QUOTED_INCLUDE_IN_FRAMEWORK_HEADER = YES;
				CLANG_WARN_RANGE_LOOP_ANALYSIS = YES;
				CLANG_WARN_STRICT_PROTOTYPES = YES;
				CLANG_WARN_SUSPICIOUS_MOVE = YES;
				CLANG_WARN_UNGUARDED_AVAILABILITY = YES_AGGRESSIVE;
				CLANG_WARN_UNREACHABLE_CODE = YES;
				CLANG_WARN__DUPLICATE_METHOD_MATCH = YES;
				COPY_PHASE_STRIP = NO;
				DEBUG_INFORMATION_FORMAT = dwarf;
				ENABLE_STRICT_OBJC_MSGSEND = YES;
				ENABLE_TESTABILITY = YES;
				ENABLE_USER_SCRIPT_SANDBOXING = YES;
				GCC_C_LANGUAGE_STANDARD = gnu17;
				GCC_DYNAMIC_NO_PIC = NO;
				GCC_NO_COMMON_BLOCKS = YES;
				GCC_OPTIMIZATION_LEVEL = 0;
				GCC_PREPROCESSOR_DEFINITIONS = (
					"DEBUG=1",
					"$(inherited)",
				);
				GCC_WARN_64_TO_32_BIT_CONVERSION = YES;
				GCC_WARN_ABOUT_RETURN_TYPE = YES_ERROR;
				GCC_WARN_UNDECLARED_SELECTOR = YES;
				GCC_WARN_UNINITIALIZED_AUTOS = YES_AGGRESSIVE;
				GCC_WARN_UNUSED_FUNCTION = YES;
				GCC_WARN_UNUSED_VARIABLE = YES;
				IPHONEOS_DEPLOYMENT_TARGET = 17.0;
				LOCALIZATION_PREFERS_STRING_CATALOGS = YES;
				MTL_ENABLE_DEBUG_INFO = INCLUDE_SOURCE;
				MTL_FAST_MATH = YES;
				ONLY_ACTIVE_ARCH = YES;
				SDKROOT = iphoneos;
				SWIFT_ACTIVE_COMPILATION_CONDITIONS = "DEBUG $(inherited)";
				SWIFT_OPTIMIZATION_LEVEL = "-Onone";
			};
			name = Debug;
		};
		596D66152F55888000A15A0F /* Release */ = {
			isa = XCBuildConfiguration;
			buildSettings = {
				ALWAYS_SEARCH_USER_PATHS = NO;
				ASSETCATALOG_COMPILER_GENERATE_SWIFT_ASSET_SYMBOL_EXTENSIONS = YES;
				CLANG_ANALYZER_NONNULL = YES;
				CLANG_ANALYZER_NUMBER_OBJECT_CONVERSION = YES_AGGRESSIVE;
				CLANG_CXX_LANGUAGE_STANDARD = "gnu++20";
				CLANG_ENABLE_MODULES = YES;
				CLANG_ENABLE_OBJC_ARC = YES;
				CLANG_ENABLE_OBJC_WEAK = YES;
				CLANG_WARN_BLOCK_CAPTURE_AUTORELEASING = YES;
				CLANG_WARN_BOOL_CONVERSION = YES;
				CLANG_WARN_COMMA = YES;
				CLANG_WARN_CONSTANT_CONVERSION = YES;
				CLANG_WARN_DEPRECATED_OBJC_IMPLEMENTATIONS = YES;
				CLANG_WARN_DIRECT_OBJC_ISA_USAGE = YES_ERROR;
				CLANG_WARN_DOCUMENTATION_COMMENTS = YES;
				CLANG_WARN_EMPTY_BODY = YES;
				CLANG_WARN_ENUM_CONVERSION = YES;
				CLANG_WARN_INFINITE_RECURSION = YES;
				CLANG_WARN_INT_CONVERSION = YES;
				CLANG_WARN_NON_LITERAL_NULL_CONVERSION = YES;
				CLANG_WARN_OBJC_IMPLICIT_RETAIN_SELF = YES;
				CLANG_WARN_OBJC_LITERAL_CONVERSION = YES;
				CLANG_WARN_OBJC_ROOT_CLASS = YES_ERROR;
				CLANG_WARN_QUOTED_INCLUDE_IN_FRAMEWORK_HEADER = YES;
				CLANG_WARN_RANGE_LOOP_ANALYSIS = YES;
				CLANG_WARN_STRICT_PROTOTYPES = YES;
				CLANG_WARN_SUSPICIOUS_MOVE = YES;
				CLANG_WARN_UNGUARDED_AVAILABILITY = YES_AGGRESSIVE;
				CLANG_WARN_UNREACHABLE_CODE = YES;
				CLANG_WARN__DUPLICATE_METHOD_MATCH = YES;
				COPY_PHASE_STRIP = NO;
				DEBUG_INFORMATION_FORMAT = "dwarf-with-dsym";
				ENABLE_NS_ASSERTIONS = NO;
				ENABLE_STRICT_OBJC_MSGSEND = YES;
				ENABLE_USER_SCRIPT_SANDBOXING = YES;
				GCC_C_LANGUAGE_STANDARD = gnu17;
				GCC_NO_COMMON_BLOCKS = YES;
				GCC_WARN_64_TO_32_BIT_CONVERSION = YES;
				GCC_WARN_ABOUT_RETURN_TYPE = YES_ERROR;
				GCC_WARN_UNDECLARED_SELECTOR = YES;
				GCC_WARN_UNINITIALIZED_AUTOS = YES_AGGRESSIVE;
				GCC_WARN_UNUSED_FUNCTION = YES;
				GCC_WARN_UNUSED_VARIABLE = YES;
				IPHONEOS_DEPLOYMENT_TARGET = 17.0;
				LOCALIZATION_PREFERS_STRING_CATALOGS = YES;
				MTL_ENABLE_DEBUG_INFO = NO;
				MTL_FAST_MATH = YES;
				SDKROOT = iphoneos;
				SWIFT_COMPILATION_MODE = wholemodule;
				VALIDATE_PRODUCT = YES;
			};
			name = Release;
		};
		596D66172F55888000A15A0F /* Debug */ = {
			isa = XCBuildConfiguration;
			buildSettings = {
				ASSETCATALOG_COMPILER_APPICON_NAME = AppIcon;
				ASSETCATALOG_COMPILER_GLOBAL_ACCENT_COLOR_NAME = AccentColor;
				CODE_SIGN_STYLE = Automatic;
				CURRENT_PROJECT_VERSION = 1;
				DEVELOPMENT_TEAM = SJM2NZY8A8;
				ENABLE_PREVIEWS = YES;
				GENERATE_INFOPLIST_FILE = YES;
				INFOPLIST_KEY_UIApplicationSceneManifest_Generation = YES;
				INFOPLIST_KEY_UIApplicationSupportsIndirectInputEvents = YES;
				INFOPLIST_KEY_UILaunchScreen_Generation = YES;
				INFOPLIST_KEY_UISupportedInterfaceOrientations_iPad = "UIInterfaceOrientationPortrait UIInterfaceOrientationPortraitUpsideDown UIInterfaceOrientationLandscapeLeft UIInterfaceOrientationLandscapeRight";
				INFOPLIST_KEY_UISupportedInterfaceOrientations_iPhone = "UIInterfaceOrientationPortrait UIInterfaceOrientationLandscapeLeft UIInterfaceOrientationLandscapeRight";
				LD_RUNPATH_SEARCH_PATHS = (
					"$(inherited)",
					"@executable_path/Frameworks",
				);
				MARKETING_VERSION = 1.0;
				PRODUCT_BUNDLE_IDENTIFIER = com.jangsoo.PairPocket;
				PRODUCT_NAME = "$(TARGET_NAME)";
				STRING_CATALOG_GENERATE_SYMBOLS = YES;
				SWIFT_APPROACHABLE_CONCURRENCY = YES;
				SWIFT_DEFAULT_ACTOR_ISOLATION = MainActor;
				SWIFT_EMIT_LOC_STRINGS = YES;
				SWIFT_UPCOMING_FEATURE_MEMBER_IMPORT_VISIBILITY = YES;
				SWIFT_VERSION = 5.0;
				TARGETED_DEVICE_FAMILY = "1,2";
			};
			name = Debug;
		};
		596D66182F55888000A15A0F /* Release */ = {
			isa = XCBuildConfiguration;
			buildSettings = {
				ASSETCATALOG_COMPILER_APPICON_NAME = AppIcon;
				ASSETCATALOG_COMPILER_GLOBAL_ACCENT_COLOR_NAME = AccentColor;
				CODE_SIGN_STYLE = Automatic;
				CURRENT_PROJECT_VERSION = 1;
				DEVELOPMENT_TEAM = SJM2NZY8A8;
				ENABLE_PREVIEWS = YES;
				GENERATE_INFOPLIST_FILE = YES;
				INFOPLIST_KEY_UIApplicationSceneManifest_Generation = YES;
				INFOPLIST_KEY_UIApplicationSupportsIndirectInputEvents = YES;
				INFOPLIST_KEY_UILaunchScreen_Generation = YES;
				INFOPLIST_KEY_UISupportedInterfaceOrientations_iPad = "UIInterfaceOrientationPortrait UIInterfaceOrientationPortraitUpsideDown UIInterfaceOrientationLandscapeLeft UIInterfaceOrientationLandscapeRight";
				INFOPLIST_KEY_UISupportedInterfaceOrientations_iPhone = "UIInterfaceOrientationPortrait UIInterfaceOrientationLandscapeLeft UIInterfaceOrientationLandscapeRight";
				LD_RUNPATH_SEARCH_PATHS = (
					"$(inherited)",
					"@executable_path/Frameworks",
				);
				MARKETING_VERSION = 1.0;
				PRODUCT_BUNDLE_IDENTIFIER = com.jangsoo.PairPocket;
				PRODUCT_NAME = "$(TARGET_NAME)";
				STRING_CATALOG_GENERATE_SYMBOLS = YES;
				SWIFT_APPROACHABLE_CONCURRENCY = YES;
				SWIFT_DEFAULT_ACTOR_ISOLATION = MainActor;
				SWIFT_EMIT_LOC_STRINGS = YES;
				SWIFT_UPCOMING_FEATURE_MEMBER_IMPORT_VISIBILITY = YES;
				SWIFT_VERSION = 5.0;
				TARGETED_DEVICE_FAMILY = "1,2";
			};
			name = Release;
		};
/* End XCBuildConfiguration section */

/* Begin XCConfigurationList section */
		596D66062F55887F00A15A0F /* Build configuration list for PBXProject "PairPocket" */ = {
			isa = XCConfigurationList;
			buildConfigurations = (
				596D66142F55888000A15A0F /* Debug */,
				596D66152F55888000A15A0F /* Release */,
			);
			defaultConfigurationIsVisible = 0;
			defaultConfigurationName = Release;
		};
		596D66162F55888000A15A0F /* Build configuration list for PBXNativeTarget "PairPocket" */ = {
			isa = XCConfigurationList;
			buildConfigurations = (
				596D66172F55888000A15A0F /* Debug */,
				596D66182F55888000A15A0F /* Release */,
			);
			defaultConfigurationIsVisible = 0;
			defaultConfigurationName = Release;
		};
/* End XCConfigurationList section */
	};
	rootObject = 596D66032F55887F00A15A0F /* Project object */;
}
